// !$*UTF8*$!
{
	archiveVersion = 1;
	classes = {
	};
	objectVersion = 50;
	objects = {

/* Begin PBXBuildFile section */
		9D622C432443107700253686 /* AppDelegate.swift in Sources */ = {isa = PBXBuildFile; fileRef = 9D622C422443107700253686 /* AppDelegate.swift */; };
		9D622C452443107700253686 /* SceneDelegate.swift in Sources */ = {isa = PBXBuildFile; fileRef = 9D622C442443107700253686 /* SceneDelegate.swift */; };
		9D622C472443107700253686 /* ViewController.swift in Sources */ = {isa = PBXBuildFile; fileRef = 9D622C462443107700253686 /* ViewController.swift */; };
		9D622C4A2443107700253686 /* Main.storyboard in Resources */ = {isa = PBXBuildFile; fileRef = 9D622C482443107700253686 /* Main.storyboard */; };
		9D622C4C2443107A00253686 /* Assets.xcassets in Resources */ = {isa = PBXBuildFile; fileRef = 9D622C4B2443107A00253686 /* Assets.xcassets */; };
		9D622C4F2443107A00253686 /* LaunchScreen.storyboard in Resources */ = {isa = PBXBuildFile; fileRef = 9D622C4D2443107A00253686 /* LaunchScreen.storyboard */; };
		9D622C5A2443107B00253686 /* SlideOptionsTests.swift in Sources */ = {isa = PBXBuildFile; fileRef = 9D622C592443107B00253686 /* SlideOptionsTests.swift */; };
		9D622C652443107B00253686 /* SlideOptionsUITests.swift in Sources */ = {isa = PBXBuildFile; fileRef = 9D622C642443107B00253686 /* SlideOptionsUITests.swift */; };
/* End PBXBuildFile section */

/* Begin PBXContainerItemProxy section */
		9D622C562443107A00253686 /* PBXContainerItemProxy */ = {
			isa = PBXContainerItemProxy;
			containerPortal = 9D622C372443107700253686 /* Project object */;
			proxyType = 1;
			remoteGlobalIDString = 9D622C3E2443107700253686;
			remoteInfo = SlideOptions;
		};
		9D622C612443107B00253686 /* PBXContainerItemProxy */ = {
			isa = PBXContainerItemProxy;
			containerPortal = 9D622C372443107700253686 /* Project object */;
			proxyType = 1;
			remoteGlobalIDString = 9D622C3E2443107700253686;
			remoteInfo = SlideOptions;
		};
/* End PBXContainerItemProxy section */

/* Begin PBXFileReference section */
		9D622C3F2443107700253686 /* SlideOptions.app */ = {isa = PBXFileReference; explicitFileType = wrapper.application; includeInIndex = 0; path = SlideOptions.app; sourceTree = BUILT_PRODUCTS_DIR; };
		9D622C422443107700253686 /* AppDelegate.swift */ = {isa = PBXFileReference; lastKnownFileType = sourcecode.swift; path = AppDelegate.swift; sourceTree = "<group>"; };
		9D622C442443107700253686 /* SceneDelegate.swift */ = {isa = PBXFileReference; lastKnownFileType = sourcecode.swift; path = SceneDelegate.swift; sourceTree = "<group>"; };
		9D622C462443107700253686 /* ViewController.swift */ = {isa = PBXFileReference; lastKnownFileType = sourcecode.swift; path = ViewController.swift; sourceTree = "<group>"; };
		9D622C492443107700253686 /* Base */ = {isa = PBXFileReference; lastKnownFileType = file.storyboard; name = Base; path = Base.lproj/Main.storyboard; sourceTree = "<group>"; };
		9D622C4B2443107A00253686 /* Assets.xcassets */ = {isa = PBXFileReference; lastKnownFileType = folder.assetcatalog; path = Assets.xcassets; sourceTree = "<group>"; };
		9D622C4E2443107A00253686 /* Base */ = {isa = PBXFileReference; lastKnownFileType = file.storyboard; name = Base; path = Base.lproj/LaunchScreen.storyboard; sourceTree = "<group>"; };
		9D622C502443107A00253686 /* Info.plist */ = {isa = PBXFileReference; lastKnownFileType = text.plist.xml; path = Info.plist; sourceTree = "<group>"; };
		9D622C552443107A00253686 /* SlideOptionsTests.xctest */ = {isa = PBXFileReference; explicitFileType = wrapper.cfbundle; includeInIndex = 0; path = SlideOptionsTests.xctest; sourceTree = BUILT_PRODUCTS_DIR; };
		9D622C592443107B00253686 /* SlideOptionsTests.swift */ = {isa = PBXFileReference; lastKnownFileType = sourcecode.swift; path = SlideOptionsTests.swift; sourceTree = "<group>"; };
		9D622C5B2443107B00253686 /* Info.plist */ = {isa = PBXFileReference; lastKnownFileType = text.plist.xml; path = Info.plist; sourceTree = "<group>"; };
		9D622C602443107B00253686 /* SlideOptionsUITests.xctest */ = {isa = PBXFileReference; explicitFileType = wrapper.cfbundle; includeInIndex = 0; path = SlideOptionsUITests.xctest; sourceTree = BUILT_PRODUCTS_DIR; };
		9D622C642443107B00253686 /* SlideOptionsUITests.swift */ = {isa = PBXFileReference; lastKnownFileType = sourcecode.swift; path = SlideOptionsUITests.swift; sourceTree = "<group>"; };
		9D622C662443107B00253686 /* Info.plist */ = {isa = PBXFileReference; lastKnownFileType = text.plist.xml; path = Info.plist; sourceTree = "<group>"; };
/* End PBXFileReference section */

/* Begin PBXFrameworksBuildPhase section */
		9D622C3C2443107700253686 /* Frameworks */ = {
			isa = PBXFrameworksBuildPhase;
			buildActionMask = 2147483647;
			files = (
			);
			runOnlyForDeploymentPostprocessing = 0;
		};
		9D622C522443107A00253686 /* Frameworks */ = {
			isa = PBXFrameworksBuildPhase;
			buildActionMask = 2147483647;
			files = (
			);
			runOnlyForDeploymentPostprocessing = 0;
		};
		9D622C5D2443107B00253686 /* Frameworks */ = {
			isa = PBXFrameworksBuildPhase;
			buildActionMask = 2147483647;
			files = (
			);
			runOnlyForDeploymentPostprocessing = 0;
		};
/* End PBXFrameworksBuildPhase section */

/* Begin PBXGroup section */
		9D622C362443107700253686 = {
			isa = PBXGroup;
			children = (
				9D622C412443107700253686 /* SlideOptions */,
				9D622C582443107B00253686 /* SlideOptionsTests */,
				9D622C632443107B00253686 /* SlideOptionsUITests */,
				9D622C402443107700253686 /* Products */,
			);
			sourceTree = "<group>";
		};
		9D622C402443107700253686 /* Products */ = {
			isa = PBXGroup;
			children = (
				9D622C3F2443107700253686 /* SlideOptions.app */,
				9D622C552443107A00253686 /* SlideOptionsTests.xctest */,
				9D622C602443107B00253686 /* SlideOptionsUITests.xctest */,
			);
			name = Products;
			sourceTree = "<group>";
		};
		9D622C412443107700253686 /* SlideOptions */ = {
			isa = PBXGroup;
			children = (
				9D622C422443107700253686 /* AppDelegate.swift */,
				9D622C442443107700253686 /* SceneDelegate.swift */,
				9D622C462443107700253686 /* ViewController.swift */,
				9D622C482443107700253686 /* Main.storyboard */,
				9D622C4B2443107A00253686 /* Assets.xcassets */,
				9D622C4D2443107A00253686 /* LaunchScreen.storyboard */,
				9D622C502443107A00253686 /* Info.plist */,
			);
			path = SlideOptions;
			sourceTree = "<group>";
		};
		9D622C582443107B00253686 /* SlideOptionsTests */ = {
			isa = PBXGroup;
			children = (
				9D622C592443107B00253686 /* SlideOptionsTests.swift */,
				9D622C5B2443107B00253686 /* Info.plist */,
			);
			path = SlideOptionsTests;
			sourceTree = "<group>";
		};
		9D622C632443107B00253686 /* SlideOptionsUITests */ = {
			isa = PBXGroup;
			children = (
				9D622C642443107B00253686 /* SlideOptionsUITests.swift */,
				9D622C662443107B00253686 /* Info.plist */,
			);
			path = SlideOptionsUITests;
			sourceTree = "<group>";
		};
/* End PBXGroup section */

/* Begin PBXNativeTarget section */
		9D622C3E2443107700253686 /* SlideOptions */ = {
			isa = PBXNativeTarget;
			buildConfigurationList = 9D622C692443107B00253686 /* Build configuration list for PBXNativeTarget "SlideOptions" */;
			buildPhases = (
				9D622C3B2443107700253686 /* Sources */,
				9D622C3C2443107700253686 /* Frameworks */,
				9D622C3D2443107700253686 /* Resources */,
			);
			buildRules = (
			);
			dependencies = (
			);
			name = SlideOptions;
			productName = SlideOptions;
			productReference = 9D622C3F2443107700253686 /* SlideOptions.app */;
			productType = "com.apple.product-type.application";
		};
		9D622C542443107A00253686 /* SlideOptionsTests */ = {
			isa = PBXNativeTarget;
			buildConfigurationList = 9D622C6C2443107B00253686 /* Build configuration list for PBXNativeTarget "SlideOptionsTests" */;
			buildPhases = (
				9D622C512443107A00253686 /* Sources */,
				9D622C522443107A00253686 /* Frameworks */,
				9D622C532443107A00253686 /* Resources */,
			);
			buildRules = (
			);
			dependencies = (
				9D622C572443107A00253686 /* PBXTargetDependency */,
			);
			name = SlideOptionsTests;
			productName = SlideOptionsTests;
			productReference = 9D622C552443107A00253686 /* SlideOptionsTests.xctest */;
			productType = "com.apple.product-type.bundle.unit-test";
		};
		9D622C5F2443107B00253686 /* SlideOptionsUITests */ = {
			isa = PBXNativeTarget;
			buildConfigurationList = 9D622C6F2443107B00253686 /* Build configuration list for PBXNativeTarget "SlideOptionsUITests" */;
			buildPhases = (
				9D622C5C2443107B00253686 /* Sources */,
				9D622C5D2443107B00253686 /* Frameworks */,
				9D622C5E2443107B00253686 /* Resources */,
			);
			buildRules = (
			);
			dependencies = (
				9D622C622443107B00253686 /* PBXTargetDependency */,
			);
			name = SlideOptionsUITests;
			productName = SlideOptionsUITests;
			productReference = 9D622C602443107B00253686 /* SlideOptionsUITests.xctest */;
			productType = "com.apple.product-type.bundle.ui-testing";
		};
/* End PBXNativeTarget section */

/* Begin PBXProject section */
		9D622C372443107700253686 /* Project object */ = {
			isa = PBXProject;
			attributes = {
				LastSwiftUpdateCheck = 1130;
				LastUpgradeCheck = 1130;
				ORGANIZATIONNAME = Ameya;
				TargetAttributes = {
					9D622C3E2443107700253686 = {
						CreatedOnToolsVersion = 11.3.1;
					};
					9D622C542443107A00253686 = {
						CreatedOnToolsVersion = 11.3.1;
						TestTargetID = 9D622C3E2443107700253686;
					};
					9D622C5F2443107B00253686 = {
						CreatedOnToolsVersion = 11.3.1;
						TestTargetID = 9D622C3E2443107700253686;
					};
				};
			};
			buildConfigurationList = 9D622C3A2443107700253686 /* Build configuration list for PBXProject "SlideOptions" */;
			compatibilityVersion = "Xcode 9.3";
			developmentRegion = en;
			hasScannedForEncodings = 0;
			knownRegions = (
				en,
				Base,
			);
			mainGroup = 9D622C362443107700253686;
			productRefGroup = 9D622C402443107700253686 /* Products */;
			projectDirPath = "";
			projectRoot = "";
			targets = (
				9D622C3E2443107700253686 /* SlideOptions */,
				9D622C542443107A00253686 /* SlideOptionsTests */,
				9D622C5F2443107B00253686 /* SlideOptionsUITests */,
			);
		};
/* End PBXProject section */

/* Begin PBXResourcesBuildPhase section */
		9D622C3D2443107700253686 /* Resources */ = {
			isa = PBXResourcesBuildPhase;
			buildActionMask = 2147483647;
			files = (
				9D622C4F2443107A00253686 /* LaunchScreen.storyboard in Resources */,
				9D622C4C2443107A00253686 /* Assets.xcassets in Resources */,
				9D622C4A2443107700253686 /* Main.storyboard in Resources */,
			);
			runOnlyForDeploymentPostprocessing = 0;
		};
		9D622C532443107A00253686 /* Resources */ = {
			isa = PBXResourcesBuildPhase;
			buildActionMask = 2147483647;
			files = (
			);
			runOnlyForDeploymentPostprocessing = 0;
		};
		9D622C5E2443107B00253686 /* Resources */ = {
			isa = PBXResourcesBuildPhase;
			buildActionMask = 2147483647;
			files = (
			);
			runOnlyForDeploymentPostprocessing = 0;
		};
/* End PBXResourcesBuildPhase section */

/* Begin PBXSourcesBuildPhase section */
		9D622C3B2443107700253686 /* Sources */ = {
			isa = PBXSourcesBuildPhase;
			buildActionMask = 2147483647;
			files = (
				9D622C472443107700253686 /* ViewController.swift in Sources */,
				9D622C432443107700253686 /* AppDelegate.swift in Sources */,
				9D622C452443107700253686 /* SceneDelegate.swift in Sources */,
			);
			runOnlyForDeploymentPostprocessing = 0;
		};
		9D622C512443107A00253686 /* Sources */ = {
			isa = PBXSourcesBuildPhase;
			buildActionMask = 2147483647;
			files = (
				9D622C5A2443107B00253686 /* SlideOptionsTests.swift in Sources */,
			);
			runOnlyForDeploymentPostprocessing = 0;
		};
		9D622C5C2443107B00253686 /* Sources */ = {
			isa = PBXSourcesBuildPhase;
			buildActionMask = 2147483647;
			files = (
				9D622C652443107B00253686 /* SlideOptionsUITests.swift in Sources */,
			);
			runOnlyForDeploymentPostprocessing = 0;
		};
/* End PBXSourcesBuildPhase section */

/* Begin PBXTargetDependency section */
		9D622C572443107A00253686 /* PBXTargetDependency */ = {
			isa = PBXTargetDependency;
			target = 9D622C3E2443107700253686 /* SlideOptions */;
			targetProxy = 9D622C562443107A00253686 /* PBXContainerItemProxy */;
		};
		9D622C622443107B00253686 /* PBXTargetDependency */ = {
			isa = PBXTargetDependency;
			target = 9D622C3E2443107700253686 /* SlideOptions */;
			targetProxy = 9D622C612443107B00253686 /* PBXContainerItemProxy */;
		};
/* End PBXTargetDependency section */

/* Begin PBXVariantGroup section */
		9D622C482443107700253686 /* Main.storyboard */ = {
			isa = PBXVariantGroup;
			children = (
				9D622C492443107700253686 /* Base */,
			);
			name = Main.storyboard;
			sourceTree = "<group>";
		};
		9D622C4D2443107A00253686 /* LaunchScreen.storyboard */ = {
			isa = PBXVariantGroup;
			children = (
				9D622C4E2443107A00253686 /* Base */,
			);
			name = LaunchScreen.storyboard;
			sourceTree = "<group>";
		};
/* End PBXVariantGroup section */

/* Begin XCBuildConfiguration section */
		9D622C672443107B00253686 /* Debug */ = {
			isa = XCBuildConfiguration;
			buildSettings = {
				ALWAYS_SEARCH_USER_PATHS = NO;
				CLANG_ANALYZER_NONNULL = YES;
				CLANG_ANALYZER_NUMBER_OBJECT_CONVERSION = YES_AGGRESSIVE;
				CLANG_CXX_LANGUAGE_STANDARD = "gnu++14";
				CLANG_CXX_LIBRARY = "libc++";
				CLANG_ENABLE_MODULES = YES;
				CLANG_ENABLE_OBJC_ARC = YES;
				CLANG_ENABLE_OBJC_WEAK = YES;
				CLANG_WARN_BLOCK_CAPTURE_AUTORELEASING = YES;
				CLANG_WARN_BOOL_CONVERSION = YES;
				CLANG_WARN_COMMA = YES;
				CLANG_WARN_CONSTANT_CONVERSION = YES;
				CLANG_WARN_DEPRECATED_OBJC_IMPLEMENTATIONS = YES;
				CLANG_WARN_DIRECT_OBJC_ISA_USAGE = YES_ERROR;
				CLANG_WARN_DOCUMENTATION_COMMENTS = YES;
				CLANG_WARN_EMPTY_BODY = YES;
				CLANG_WARN_ENUM_CONVERSION = YES;
				CLANG_WARN_INFINITE_RECURSION = YES;
				CLANG_WARN_INT_CONVERSION = YES;
				CLANG_WARN_NON_LITERAL_NULL_CONVERSION = YES;
				CLANG_WARN_OBJC_IMPLICIT_RETAIN_SELF = YES;
				CLANG_WARN_OBJC_LITERAL_CONVERSION = YES;
				CLANG_WARN_OBJC_ROOT_CLASS = YES_ERROR;
				CLANG_WARN_RANGE_LOOP_ANALYSIS = YES;
				CLANG_WARN_STRICT_PROTOTYPES = YES;
				CLANG_WARN_SUSPICIOUS_MOVE = YES;
				CLANG_WARN_UNGUARDED_AVAILABILITY = YES_AGGRESSIVE;
				CLANG_WARN_UNREACHABLE_CODE = YES;
				CLANG_WARN__DUPLICATE_METHOD_MATCH = YES;
				COPY_PHASE_STRIP = NO;
				DEBUG_INFORMATION_FORMAT = dwarf;
				ENABLE_STRICT_OBJC_MSGSEND = YES;
				ENABLE_TESTABILITY = YES;
				GCC_C_LANGUAGE_STANDARD = gnu11;
				GCC_DYNAMIC_NO_PIC = NO;
				GCC_NO_COMMON_BLOCKS = YES;
				GCC_OPTIMIZATION_LEVEL = 0;
				GCC_PREPROCESSOR_DEFINITIONS = (
					"DEBUG=1",
					"$(inherited)",
				);
				GCC_WARN_64_TO_32_BIT_CONVERSION = YES;
				GCC_WARN_ABOUT_RETURN_TYPE = YES_ERROR;
				GCC_WARN_UNDECLARED_SELECTOR = YES;
				GCC_WARN_UNINITIALIZED_AUTOS = YES_AGGRESSIVE;
				GCC_WARN_UNUSED_FUNCTION = YES;
				GCC_WARN_UNUSED_VARIABLE = YES;
				IPHONEOS_DEPLOYMENT_TARGET = 13.2;
				MTL_ENABLE_DEBUG_INFO = INCLUDE_SOURCE;
				MTL_FAST_MATH = YES;
				ONLY_ACTIVE_ARCH = YES;
				SDKROOT = iphoneos;
				SWIFT_ACTIVE_COMPILATION_CONDITIONS = DEBUG;
				SWIFT_OPTIMIZATION_LEVEL = "-Onone";
			};
			name = Debug;
		};
		9D622C682443107B00253686 /* Release */ = {
			isa = XCBuildConfiguration;
			buildSettings = {
				ALWAYS_SEARCH_USER_PATHS = NO;
				CLANG_ANALYZER_NONNULL = YES;
				CLANG_ANALYZER_NUMBER_OBJECT_CONVERSION = YES_AGGRESSIVE;
				CLANG_CXX_LANGUAGE_STANDARD = "gnu++14";
				CLANG_CXX_LIBRARY = "libc++";
				CLANG_ENABLE_MODULES = YES;
				CLANG_ENABLE_OBJC_ARC = YES;
				CLANG_ENABLE_OBJC_WEAK = YES;
				CLANG_WARN_BLOCK_CAPTURE_AUTORELEASING = YES;
				CLANG_WARN_BOOL_CONVERSION = YES;
				CLANG_WARN_COMMA = YES;
				CLANG_WARN_CONSTANT_CONVERSION = YES;
				CLANG_WARN_DEPRECATED_OBJC_IMPLEMENTATIONS = YES;
				CLANG_WARN_DIRECT_OBJC_ISA_USAGE = YES_ERROR;
				CLANG_WARN_DOCUMENTATION_COMMENTS = YES;
				CLANG_WARN_EMPTY_BODY = YES;
				CLANG_WARN_ENUM_CONVERSION = YES;
				CLANG_WARN_INFINITE_RECURSION = YES;
				CLANG_WARN_INT_CONVERSION = YES;
				CLANG_WARN_NON_LITERAL_NULL_CONVERSION = YES;
				CLANG_WARN_OBJC_IMPLICIT_RETAIN_SELF = YES;
				CLANG_WARN_OBJC_LITERAL_CONVERSION = YES;
				CLANG_WARN_OBJC_ROOT_CLASS = YES_ERROR;
				CLANG_WARN_RANGE_LOOP_ANALYSIS = YES;
				CLANG_WARN_STRICT_PROTOTYPES = YES;
				CLANG_WARN_SUSPICIOUS_MOVE = YES;
				CLANG_WARN_UNGUARDED_AVAILABILITY = YES_AGGRESSIVE;
				CLANG_WARN_UNREACHABLE_CODE = YES;
				CLANG_WARN__DUPLICATE_METHOD_MATCH = YES;
				COPY_PHASE_STRIP = NO;
				DEBUG_INFORMATION_FORMAT = "dwarf-with-dsym";
				ENABLE_NS_ASSERTIONS = NO;
				ENABLE_STRICT_OBJC_MSGSEND = YES;
				GCC_C_LANGUAGE_STANDARD = gnu11;
				GCC_NO_COMMON_BLOCKS = YES;
				GCC_WARN_64_TO_32_BIT_CONVERSION = YES;
				GCC_WARN_ABOUT_RETURN_TYPE = YES_ERROR;
				GCC_WARN_UNDECLARED_SELECTOR = YES;
				GCC_WARN_UNINITIALIZED_AUTOS = YES_AGGRESSIVE;
				GCC_WARN_UNUSED_FUNCTION = YES;
				GCC_WARN_UNUSED_VARIABLE = YES;
				IPHONEOS_DEPLOYMENT_TARGET = 13.2;
				MTL_ENABLE_DEBUG_INFO = NO;
				MTL_FAST_MATH = YES;
				SDKROOT = iphoneos;
				SWIFT_COMPILATION_MODE = wholemodule;
				SWIFT_OPTIMIZATION_LEVEL = "-O";
				VALIDATE_PRODUCT = YES;
			};
			name = Release;
		};
		9D622C6A2443107B00253686 /* Debug */ = {
			isa = XCBuildConfiguration;
			buildSettings = {
				ASSETCATALOG_COMPILER_APPICON_NAME = AppIcon;
				CODE_SIGN_STYLE = Automatic;
				INFOPLIST_FILE = SlideOptions/Info.plist;
				LD_RUNPATH_SEARCH_PATHS = (
					"$(inherited)",
					"@executable_path/Frameworks",
				);
				PRODUCT_BUNDLE_IDENTIFIER = ameya.SlideOptions;
				PRODUCT_NAME = "$(TARGET_NAME)";
				SWIFT_VERSION = 5.0;
				TARGETED_DEVICE_FAMILY = "1,2";
			};
			name = Debug;
		};
		9D622C6B2443107B00253686 /* Release */ = {
			isa = XCBuildConfiguration;
			buildSettings = {
				ASSETCATALOG_COMPILER_APPICON_NAME = AppIcon;
				CODE_SIGN_STYLE = Automatic;
				INFOPLIST_FILE = SlideOptions/Info.plist;
				LD_RUNPATH_SEARCH_PATHS = (
					"$(inherited)",
					"@executable_path/Frameworks",
				);
				PRODUCT_BUNDLE_IDENTIFIER = ameya.SlideOptions;
				PRODUCT_NAME = "$(TARGET_NAME)";
				SWIFT_VERSION = 5.0;
				TARGETED_DEVICE_FAMILY = "1,2";
			};
			name = Release;
		};
		9D622C6D2443107B00253686 /* Debug */ = {
			isa = XCBuildConfiguration;
			buildSettings = {
				ALWAYS_EMBED_SWIFT_STANDARD_LIBRARIES = YES;
				BUNDLE_LOADER = "$(TEST_HOST)";
				CODE_SIGN_STYLE = Automatic;
				INFOPLIST_FILE = SlideOptionsTests/Info.plist;
				IPHONEOS_DEPLOYMENT_TARGET = 13.2;
				LD_RUNPATH_SEARCH_PATHS = (
					"$(inherited)",
					"@executable_path/Frameworks",
					"@loader_path/Frameworks",
				);
				PRODUCT_BUNDLE_IDENTIFIER = ameya.SlideOptionsTests;
				PRODUCT_NAME = "$(TARGET_NAME)";
				SWIFT_VERSION = 5.0;
				TARGETED_DEVICE_FAMILY = "1,2";
				TEST_HOST = "$(BUILT_PRODUCTS_DIR)/SlideOptions.app/SlideOptions";
			};
			name = Debug;
		};
		9D622C6E2443107B00253686 /* Release */ = {
			isa = XCBuildConfiguration;
			buildSettings = {
				ALWAYS_EMBED_SWIFT_STANDARD_LIBRARIES = YES;
				BUNDLE_LOADER = "$(TEST_HOST)";
				CODE_SIGN_STYLE = Automatic;
				INFOPLIST_FILE = SlideOptionsTests/Info.plist;
				IPHONEOS_DEPLOYMENT_TARGET = 13.2;
				LD_RUNPATH_SEARCH_PATHS = (
					"$(inherited)",
					"@executable_path/Frameworks",
					"@loader_path/Frameworks",
				);
				PRODUCT_BUNDLE_IDENTIFIER = ameya.SlideOptionsTests;
				PRODUCT_NAME = "$(TARGET_NAME)";
				SWIFT_VERSION = 5.0;
				TARGETED_DEVICE_FAMILY = "1,2";
				TEST_HOST = "$(BUILT_PRODUCTS_DIR)/SlideOptions.app/SlideOptions";
			};
			name = Release;
		};
		9D622C702443107B00253686 /* Debug */ = {
			isa = XCBuildConfiguration;
			buildSettings = {
				ALWAYS_EMBED_SWIFT_STANDARD_LIBRARIES = YES;
				CODE_SIGN_STYLE = Automatic;
				INFOPLIST_FILE = SlideOptionsUITests/Info.plist;
				LD_RUNPATH_SEARCH_PATHS = (
					"$(inherited)",
					"@executable_path/Frameworks",
					"@loader_path/Frameworks",
				);
				PRODUCT_BUNDLE_IDENTIFIER = ameya.SlideOptionsUITests;
				PRODUCT_NAME = "$(TARGET_NAME)";
				SWIFT_VERSION = 5.0;
				TARGETED_DEVICE_FAMILY = "1,2";
				TEST_TARGET_NAME = SlideOptions;
			};
			name = Debug;
		};
		9D622C712443107B00253686 /* Release */ = {
			isa = XCBuildConfiguration;
			buildSettings = {
				ALWAYS_EMBED_SWIFT_STANDARD_LIBRARIES = YES;
				CODE_SIGN_STYLE = Automatic;
				INFOPLIST_FILE = SlideOptionsUITests/Info.plist;
				LD_RUNPATH_SEARCH_PATHS = (
					"$(inherited)",
					"@executable_path/Frameworks",
					"@loader_path/Frameworks",
				);
				PRODUCT_BUNDLE_IDENTIFIER = ameya.SlideOptionsUITests;
				PRODUCT_NAME = "$(TARGET_NAME)";
				SWIFT_VERSION = 5.0;
				TARGETED_DEVICE_FAMILY = "1,2";
				TEST_TARGET_NAME = SlideOptions;
			};
			name = Release;
		};
/* End XCBuildConfiguration section */

/* Begin XCConfigurationList section */
		9D622C3A2443107700253686 /* Build configuration list for PBXProject "SlideOptions" */ = {
			isa = XCConfigurationList;
			buildConfigurations = (
				9D622C672443107B00253686 /* Debug */,
				9D622C682443107B00253686 /* Release */,
			);
			defaultConfigurationIsVisible = 0;
			defaultConfigurationName = Release;
		};
		9D622C692443107B00253686 /* Build configuration list for PBXNativeTarget "SlideOptions" */ = {
			isa = XCConfigurationList;
			buildConfigurations = (
				9D622C6A2443107B00253686 /* Debug */,
				9D622C6B2443107B00253686 /* Release */,
			);
			defaultConfigurationIsVisible = 0;
			defaultConfigurationName = Release;
		};
		9D622C6C2443107B00253686 /* Build configuration list for PBXNativeTarget "SlideOptionsTests" */ = {
			isa = XCConfigurationList;
			buildConfigurations = (
				9D622C6D2443107B00253686 /* Debug */,
				9D622C6E2443107B00253686 /* Release */,
			);
			defaultConfigurationIsVisible = 0;
			defaultConfigurationName = Release;
		};
		9D622C6F2443107B00253686 /* Build configuration list for PBXNativeTarget "SlideOptionsUITests" */ = {
			isa = XCConfigurationList;
			buildConfigurations = (
				9D622C702443107B00253686 /* Debug */,
				9D622C712443107B00253686 /* Release */,
			);
			defaultConfigurationIsVisible = 0;
			defaultConfigurationName = Release;
		};
/* End XCConfigurationList section */
	};
	rootObject = 9D622C372443107700253686 /* Project object */;
}
